{
  "name": "spec",
  "lockfileVersion": 2,
  "requires": true,
  "packages": {
    "": {
      "dependencies": {
        "@spec.custom/handlers": "file:.spec/handlers"
      }
    },
    ".spec/handlers": {
      "name": "@spec.custom/handlers"
    },
    "node_modules/@spec.custom/handlers": {
      "resolved": ".spec/handlers",
      "link": true
    }
  },
  "dependencies": {
    "@spec.custom/handlers": {
      "version": "file:.spec/handlers"
    }
  }
}
